// !$*UTF8*$!
{
	archiveVersion = 1;
	classes = {
	};
	objectVersion = 50;
	objects = {

/* Begin PBXBuildFile section */
		6CD439B6226FA25A00C49C26 /* AppDelegate.swift in Sources */ = {isa = PBXBuildFile; fileRef = 6CD439B5226FA25A00C49C26 /* AppDelegate.swift */; };
		6CD439B8226FA25A00C49C26 /* ViewController.swift in Sources */ = {isa = PBXBuildFile; fileRef = 6CD439B7226FA25A00C49C26 /* ViewController.swift */; };
		6CD439BB226FA25A00C49C26 /* Main.storyboard in Resources */ = {isa = PBXBuildFile; fileRef = 6CD439B9226FA25A00C49C26 /* Main.storyboard */; };
		6CD439BD226FA25B00C49C26 /* Assets.xcassets in Resources */ = {isa = PBXBuildFile; fileRef = 6CD439BC226FA25B00C49C26 /* Assets.xcassets */; };
		6CD439C0226FA25B00C49C26 /* LaunchScreen.storyboard in Resources */ = {isa = PBXBuildFile; fileRef = 6CD439BE226FA25B00C49C26 /* LaunchScreen.storyboard */; };
		8AD3E79005D52EA9B302D565 /* Pods_PinningSSLCertificate.framework in Frameworks */ = {isa = PBXBuildFile; fileRef = D35A94947839C3F5220DF094 /* Pods_PinningSSLCertificate.framework */; };
/* End PBXBuildFile section */

/* Begin PBXFileReference section */
		1DBB5BE23E19BEFCD83DC58E /* Pods-PinningSSLCertificate.release.xcconfig */ = {isa = PBXFileReference; includeInIndex = 1; lastKnownFileType = text.xcconfig; name = "Pods-PinningSSLCertificate.release.xcconfig"; path = "Pods/Target Support Files/Pods-PinningSSLCertificate/Pods-PinningSSLCertificate.release.xcconfig"; sourceTree = "<group>"; };
		46FA23A074A66F53238C0577 /* Pods-PinningSSLCertificate.debug.xcconfig */ = {isa = PBXFileReference; includeInIndex = 1; lastKnownFileType = text.xcconfig; name = "Pods-PinningSSLCertificate.debug.xcconfig"; path = "Pods/Target Support Files/Pods-PinningSSLCertificate/Pods-PinningSSLCertificate.debug.xcconfig"; sourceTree = "<group>"; };
		6CD439B2226FA25A00C49C26 /* PinningSSLCertificate.app */ = {isa = PBXFileReference; explicitFileType = wrapper.application; includeInIndex = 0; path = PinningSSLCertificate.app; sourceTree = BUILT_PRODUCTS_DIR; };
		6CD439B5226FA25A00C49C26 /* AppDelegate.swift */ = {isa = PBXFileReference; lastKnownFileType = sourcecode.swift; path = AppDelegate.swift; sourceTree = "<group>"; };
		6CD439B7226FA25A00C49C26 /* ViewController.swift */ = {isa = PBXFileReference; lastKnownFileType = sourcecode.swift; path = ViewController.swift; sourceTree = "<group>"; };
		6CD439BA226FA25A00C49C26 /* Base */ = {isa = PBXFileReference; lastKnownFileType = file.storyboard; name = Base; path = Base.lproj/Main.storyboard; sourceTree = "<group>"; };
		6CD439BC226FA25B00C49C26 /* Assets.xcassets */ = {isa = PBXFileReference; lastKnownFileType = folder.assetcatalog; path = Assets.xcassets; sourceTree = "<group>"; };
		6CD439BF226FA25B00C49C26 /* Base */ = {isa = PBXFileReference; lastKnownFileType = file.storyboard; name = Base; path = Base.lproj/LaunchScreen.storyboard; sourceTree = "<group>"; };
		6CD439C1226FA25B00C49C26 /* Info.plist */ = {isa = PBXFileReference; lastKnownFileType = text.plist.xml; path = Info.plist; sourceTree = "<group>"; };
		D35A94947839C3F5220DF094 /* Pods_PinningSSLCertificate.framework */ = {isa = PBXFileReference; explicitFileType = wrapper.framework; includeInIndex = 0; path = Pods_PinningSSLCertificate.framework; sourceTree = BUILT_PRODUCTS_DIR; };
/* End PBXFileReference section */

/* Begin PBXFrameworksBuildPhase section */
		6CD439AF226FA25A00C49C26 /* Frameworks */ = {
			isa = PBXFrameworksBuildPhase;
			buildActionMask = 2147483647;
			files = (
				8AD3E79005D52EA9B302D565 /* Pods_PinningSSLCertificate.framework in Frameworks */,
			);
			runOnlyForDeploymentPostprocessing = 0;
		};
/* End PBXFrameworksBuildPhase section */

/* Begin PBXGroup section */
		668C392AE1089A1DB678C9E1 /* Pods */ = {
			isa = PBXGroup;
			children = (
				46FA23A074A66F53238C0577 /* Pods-PinningSSLCertificate.debug.xcconfig */,
				1DBB5BE23E19BEFCD83DC58E /* Pods-PinningSSLCertificate.release.xcconfig */,
			);
			name = Pods;
			sourceTree = "<group>";
		};
		6CD439A9226FA25A00C49C26 = {
			isa = PBXGroup;
			children = (
				6CD439B4226FA25A00C49C26 /* PinningSSLCertificate */,
				6CD439B3226FA25A00C49C26 /* Products */,
				668C392AE1089A1DB678C9E1 /* Pods */,
				AACFDD010999F68ADCD547BC /* Frameworks */,
			);
			sourceTree = "<group>";
		};
		6CD439B3226FA25A00C49C26 /* Products */ = {
			isa = PBXGroup;
			children = (
				6CD439B2226FA25A00C49C26 /* PinningSSLCertificate.app */,
			);
			name = Products;
			sourceTree = "<group>";
		};
		6CD439B4226FA25A00C49C26 /* PinningSSLCertificate */ = {
			isa = PBXGroup;
			children = (
				6CD439B5226FA25A00C49C26 /* AppDelegate.swift */,
				6CD439B7226FA25A00C49C26 /* ViewController.swift */,
				6CD439B9226FA25A00C49C26 /* Main.storyboard */,
				6CD439BC226FA25B00C49C26 /* Assets.xcassets */,
				6CD439BE226FA25B00C49C26 /* LaunchScreen.storyboard */,
				6CD439C1226FA25B00C49C26 /* Info.plist */,
			);
			path = PinningSSLCertificate;
			sourceTree = "<group>";
		};
		AACFDD010999F68ADCD547BC /* Frameworks */ = {
			isa = PBXGroup;
			children = (
				D35A94947839C3F5220DF094 /* Pods_PinningSSLCertificate.framework */,
			);
			name = Frameworks;
			sourceTree = "<group>";
		};
/* End PBXGroup section */

/* Begin PBXNativeTarget section */
		6CD439B1226FA25A00C49C26 /* PinningSSLCertificate */ = {
			isa = PBXNativeTarget;
			buildConfigurationList = 6CD439C4226FA25B00C49C26 /* Build configuration list for PBXNativeTarget "PinningSSLCertificate" */;
			buildPhases = (
				BE69F1760F74E436CA79F0D1 /* [CP] Check Pods Manifest.lock */,
				6CD439AE226FA25A00C49C26 /* Sources */,
				6CD439AF226FA25A00C49C26 /* Frameworks */,
				6CD439B0226FA25A00C49C26 /* Resources */,
				759A153D48D78BAEC12924D9 /* [CP] Embed Pods Frameworks */,
			);
			buildRules = (
			);
			dependencies = (
			);
			name = PinningSSLCertificate;
			productName = PinningSSLCertificate;
			productReference = 6CD439B2226FA25A00C49C26 /* PinningSSLCertificate.app */;
			productType = "com.apple.product-type.application";
		};
/* End PBXNativeTarget section */

/* Begin PBXProject section */
		6CD439AA226FA25A00C49C26 /* Project object */ = {
			isa = PBXProject;
			attributes = {
				LastSwiftUpdateCheck = 1010;
				LastUpgradeCheck = 1010;
				ORGANIZATIONNAME = "bernd wichura";
				TargetAttributes = {
					6CD439B1226FA25A00C49C26 = {
						CreatedOnToolsVersion = 10.1;
					};
				};
			};
			buildConfigurationList = 6CD439AD226FA25A00C49C26 /* Build configuration list for PBXProject "PinningSSLCertificate" */;
			compatibilityVersion = "Xcode 9.3";
			developmentRegion = en;
			hasScannedForEncodings = 0;
			knownRegions = (
				en,
				Base,
			);
			mainGroup = 6CD439A9226FA25A00C49C26;
			productRefGroup = 6CD439B3226FA25A00C49C26 /* Products */;
			projectDirPath = "";
			projectRoot = "";
			targets = (
				6CD439B1226FA25A00C49C26 /* PinningSSLCertificate */,
			);
		};
/* End PBXProject section */

/* Begin PBXResourcesBuildPhase section */
		6CD439B0226FA25A00C49C26 /* Resources */ = {
			isa = PBXResourcesBuildPhase;
			buildActionMask = 2147483647;
			files = (
				6CD439C0226FA25B00C49C26 /* LaunchScreen.storyboard in Resources */,
				6CD439BD226FA25B00C49C26 /* Assets.xcassets in Resources */,
				6CD439BB226FA25A00C49C26 /* Main.storyboard in Resources */,
			);
			runOnlyForDeploymentPostprocessing = 0;
		};
/* End PBXResourcesBuildPhase section */

/* Begin PBXShellScriptBuildPhase section */
		759A153D48D78BAEC12924D9 /* [CP] Embed Pods Frameworks */ = {
			isa = PBXShellScriptBuildPhase;
			buildActionMask = 2147483647;
			files = (
			);
			inputFileListPaths = (
			);
			inputPaths = (
				"${SRCROOT}/Pods/Target Support Files/Pods-PinningSSLCertificate/Pods-PinningSSLCertificate-frameworks.sh",
				"${BUILT_PRODUCTS_DIR}/Alamofire/Alamofire.framework",
			);
			name = "[CP] Embed Pods Frameworks";
			outputFileListPaths = (
			);
			outputPaths = (
				"${TARGET_BUILD_DIR}/${FRAMEWORKS_FOLDER_PATH}/Alamofire.framework",
			);
			runOnlyForDeploymentPostprocessing = 0;
			shellPath = /bin/sh;
			shellScript = "\"${SRCROOT}/Pods/Target Support Files/Pods-PinningSSLCertificate/Pods-PinningSSLCertificate-frameworks.sh\"\n";
			showEnvVarsInLog = 0;
		};
		BE69F1760F74E436CA79F0D1 /* [CP] Check Pods Manifest.lock */ = {
			isa = PBXShellScriptBuildPhase;
			buildActionMask = 2147483647;
			files = (
			);
			inputFileListPaths = (
			);
			inputPaths = (
				"${PODS_PODFILE_DIR_PATH}/Podfile.lock",
				"${PODS_ROOT}/Manifest.lock",
			);
			name = "[CP] Check Pods Manifest.lock";
			outputFileListPaths = (
			);
			outputPaths = (
				"$(DERIVED_FILE_DIR)/Pods-PinningSSLCertificate-checkManifestLockResult.txt",
			);
			runOnlyForDeploymentPostprocessing = 0;
			shellPath = /bin/sh;
			shellScript = "diff \"${PODS_PODFILE_DIR_PATH}/Podfile.lock\" \"${PODS_ROOT}/Manifest.lock\" > /dev/null\nif [ $? != 0 ] ; then\n    # print error to STDERR\n    echo \"error: The sandbox is not in sync with the Podfile.lock. Run 'pod install' or update your CocoaPods installation.\" >&2\n    exit 1\nfi\n# This output is used by Xcode 'outputs' to avoid re-running this script phase.\necho \"SUCCESS\" > \"${SCRIPT_OUTPUT_FILE_0}\"\n";
			showEnvVarsInLog = 0;
		};
/* End PBXShellScriptBuildPhase section */

/* Begin PBXSourcesBuildPhase section */
		6CD439AE226FA25A00C49C26 /* Sources */ = {
			isa = PBXSourcesBuildPhase;
			buildActionMask = 2147483647;
			files = (
				6CD439B8226FA25A00C49C26 /* ViewController.swift in Sources */,
				6CD439B6226FA25A00C49C26 /* AppDelegate.swift in Sources */,
			);
			runOnlyForDeploymentPostprocessing = 0;
		};
/* End PBXSourcesBuildPhase section */

/* Begin PBXVariantGroup section */
		6CD439B9226FA25A00C49C26 /* Main.storyboard */ = {
			isa = PBXVariantGroup;
			children = (
				6CD439BA226FA25A00C49C26 /* Base */,
			);
			name = Main.storyboard;
			sourceTree = "<group>";
		};
		6CD439BE226FA25B00C49C26 /* LaunchScreen.storyboard */ = {
			isa = PBXVariantGroup;
			children = (
				6CD439BF226FA25B00C49C26 /* Base */,
			);
			name = LaunchScreen.storyboard;
			sourceTree = "<group>";
		};
/* End PBXVariantGroup section */

/* Begin XCBuildConfiguration section */
		6CD439C2226FA25B00C49C26 /* Debug */ = {
			isa = XCBuildConfiguration;
			buildSettings = {
				ALWAYS_SEARCH_USER_PATHS = NO;
				CLANG_ANALYZER_NONNULL = YES;
				CLANG_ANALYZER_NUMBER_OBJECT_CONVERSION = YES_AGGRESSIVE;
				CLANG_CXX_LANGUAGE_STANDARD = "gnu++14";
				CLANG_CXX_LIBRARY = "libc++";
				CLANG_ENABLE_MODULES = YES;
				CLANG_ENABLE_OBJC_ARC = YES;
				CLANG_ENABLE_OBJC_WEAK = YES;
				CLANG_WARN_BLOCK_CAPTURE_AUTORELEASING = YES;
				CLANG_WARN_BOOL_CONVERSION = YES;
				CLANG_WARN_COMMA = YES;
				CLANG_WARN_CONSTANT_CONVERSION = YES;
				CLANG_WARN_DEPRECATED_OBJC_IMPLEMENTATIONS = YES;
				CLANG_WARN_DIRECT_OBJC_ISA_USAGE = YES_ERROR;
				CLANG_WARN_DOCUMENTATION_COMMENTS = YES;
				CLANG_WARN_EMPTY_BODY = YES;
				CLANG_WARN_ENUM_CONVERSION = YES;
				CLANG_WARN_INFINITE_RECURSION = YES;
				CLANG_WARN_INT_CONVERSION = YES;
				CLANG_WARN_NON_LITERAL_NULL_CONVERSION = YES;
				CLANG_WARN_OBJC_IMPLICIT_RETAIN_SELF = YES;
				CLANG_WARN_OBJC_LITERAL_CONVERSION = YES;
				CLANG_WARN_OBJC_ROOT_CLASS = YES_ERROR;
				CLANG_WARN_RANGE_LOOP_ANALYSIS = YES;
				CLANG_WARN_STRICT_PROTOTYPES = YES;
				CLANG_WARN_SUSPICIOUS_MOVE = YES;
				CLANG_WARN_UNGUARDED_AVAILABILITY = YES_AGGRESSIVE;
				CLANG_WARN_UNREACHABLE_CODE = YES;
				CLANG_WARN__DUPLICATE_METHOD_MATCH = YES;
				CODE_SIGN_IDENTITY = "iPhone Developer";
				COPY_PHASE_STRIP = NO;
				DEBUG_INFORMATION_FORMAT = dwarf;
				ENABLE_STRICT_OBJC_MSGSEND = YES;
				ENABLE_TESTABILITY = YES;
				GCC_C_LANGUAGE_STANDARD = gnu11;
				GCC_DYNAMIC_NO_PIC = NO;
				GCC_NO_COMMON_BLOCKS = YES;
				GCC_OPTIMIZATION_LEVEL = 0;
				GCC_PREPROCESSOR_DEFINITIONS = (
					"DEBUG=1",
					"$(inherited)",
				);
				GCC_WARN_64_TO_32_BIT_CONVERSION = YES;
				GCC_WARN_ABOUT_RETURN_TYPE = YES_ERROR;
				GCC_WARN_UNDECLARED_SELECTOR = YES;
				GCC_WARN_UNINITIALIZED_AUTOS = YES_AGGRESSIVE;
				GCC_WARN_UNUSED_FUNCTION = YES;
				GCC_WARN_UNUSED_VARIABLE = YES;
				IPHONEOS_DEPLOYMENT_TARGET = 12.1;
				MTL_ENABLE_DEBUG_INFO = INCLUDE_SOURCE;
				MTL_FAST_MATH = YES;
				ONLY_ACTIVE_ARCH = YES;
				SDKROOT = iphoneos;
				SWIFT_ACTIVE_COMPILATION_CONDITIONS = DEBUG;
				SWIFT_OPTIMIZATION_LEVEL = "-Onone";
			};
			name = Debug;
		};
		6CD439C3226FA25B00C49C26 /* Release */ = {
			isa = XCBuildConfiguration;
			buildSettings = {
				ALWAYS_SEARCH_USER_PATHS = NO;
				CLANG_ANALYZER_NONNULL = YES;
				CLANG_ANALYZER_NUMBER_OBJECT_CONVERSION = YES_AGGRESSIVE;
				CLANG_CXX_LANGUAGE_STANDARD = "gnu++14";
				CLANG_CXX_LIBRARY = "libc++";
				CLANG_ENABLE_MODULES = YES;
				CLANG_ENABLE_OBJC_ARC = YES;
				CLANG_ENABLE_OBJC_WEAK = YES;
				CLANG_WARN_BLOCK_CAPTURE_AUTORELEASING = YES;
				CLANG_WARN_BOOL_CONVERSION = YES;
				CLANG_WARN_COMMA = YES;
				CLANG_WARN_CONSTANT_CONVERSION = YES;
				CLANG_WARN_DEPRECATED_OBJC_IMPLEMENTATIONS = YES;
				CLANG_WARN_DIRECT_OBJC_ISA_USAGE = YES_ERROR;
				CLANG_WARN_DOCUMENTATION_COMMENTS = YES;
				CLANG_WARN_EMPTY_BODY = YES;
				CLANG_WARN_ENUM_CONVERSION = YES;
				CLANG_WARN_INFINITE_RECURSION = YES;
				CLANG_WARN_INT_CONVERSION = YES;
				CLANG_WARN_NON_LITERAL_NULL_CONVERSION = YES;
				CLANG_WARN_OBJC_IMPLICIT_RETAIN_SELF = YES;
				CLANG_WARN_OBJC_LITERAL_CONVERSION = YES;
				CLANG_WARN_OBJC_ROOT_CLASS = YES_ERROR;
				CLANG_WARN_RANGE_LOOP_ANALYSIS = YES;
				CLANG_WARN_STRICT_PROTOTYPES = YES;
				CLANG_WARN_SUSPICIOUS_MOVE = YES;
				CLANG_WARN_UNGUARDED_AVAILABILITY = YES_AGGRESSIVE;
				CLANG_WARN_UNREACHABLE_CODE = YES;
				CLANG_WARN__DUPLICATE_METHOD_MATCH = YES;
				CODE_SIGN_IDENTITY = "iPhone Developer";
				COPY_PHASE_STRIP = NO;
				DEBUG_INFORMATION_FORMAT = "dwarf-with-dsym";
				ENABLE_NS_ASSERTIONS = NO;
				ENABLE_STRICT_OBJC_MSGSEND = YES;
				GCC_C_LANGUAGE_STANDARD = gnu11;
				GCC_NO_COMMON_BLOCKS = YES;
				GCC_WARN_64_TO_32_BIT_CONVERSION = YES;
				GCC_WARN_ABOUT_RETURN_TYPE = YES_ERROR;
				GCC_WARN_UNDECLARED_SELECTOR = YES;
				GCC_WARN_UNINITIALIZED_AUTOS = YES_AGGRESSIVE;
				GCC_WARN_UNUSED_FUNCTION = YES;
				GCC_WARN_UNUSED_VARIABLE = YES;
				IPHONEOS_DEPLOYMENT_TARGET = 12.1;
				MTL_ENABLE_DEBUG_INFO = NO;
				MTL_FAST_MATH = YES;
				SDKROOT = iphoneos;
				SWIFT_COMPILATION_MODE = wholemodule;
				SWIFT_OPTIMIZATION_LEVEL = "-O";
				VALIDATE_PRODUCT = YES;
			};
			name = Release;
		};
		6CD439C5226FA25B00C49C26 /* Debug */ = {
			isa = XCBuildConfiguration;
			baseConfigurationReference = 46FA23A074A66F53238C0577 /* Pods-PinningSSLCertificate.debug.xcconfig */;
			buildSettings = {
				ASSETCATALOG_COMPILER_APPICON_NAME = AppIcon;
				CODE_SIGN_STYLE = Automatic;
				DEVELOPMENT_TEAM = XPVL95Z44H;
				INFOPLIST_FILE = PinningSSLCertificate/Info.plist;
				LD_RUNPATH_SEARCH_PATHS = (
					"$(inherited)",
					"@executable_path/Frameworks",
				);
				PRODUCT_BUNDLE_IDENTIFIER = de.wichura.PinningSSLCertificate;
				PRODUCT_NAME = "$(TARGET_NAME)";
				SWIFT_VERSION = 4.2;
				TARGETED_DEVICE_FAMILY = "1,2";
			};
			name = Debug;
		};
		6CD439C6226FA25B00C49C26 /* Release */ = {
			isa = XCBuildConfiguration;
			baseConfigurationReference = 1DBB5BE23E19BEFCD83DC58E /* Pods-PinningSSLCertificate.release.xcconfig */;
			buildSettings = {
				ASSETCATALOG_COMPILER_APPICON_NAME = AppIcon;
				CODE_SIGN_STYLE = Automatic;
				DEVELOPMENT_TEAM = XPVL95Z44H;
				INFOPLIST_FILE = PinningSSLCertificate/Info.plist;
				LD_RUNPATH_SEARCH_PATHS = (
					"$(inherited)",
					"@executable_path/Frameworks",
				);
				PRODUCT_BUNDLE_IDENTIFIER = de.wichura.PinningSSLCertificate;
				PRODUCT_NAME = "$(TARGET_NAME)";
				SWIFT_VERSION = 4.2;
				TARGETED_DEVICE_FAMILY = "1,2";
			};
			name = Release;
		};
/* End XCBuildConfiguration section */

/* Begin XCConfigurationList section */
		6CD439AD226FA25A00C49C26 /* Build configuration list for PBXProject "PinningSSLCertificate" */ = {
			isa = XCConfigurationList;
			buildConfigurations = (
				6CD439C2226FA25B00C49C26 /* Debug */,
				6CD439C3226FA25B00C49C26 /* Release */,
			);
			defaultConfigurationIsVisible = 0;
			defaultConfigurationName = Release;
		};
		6CD439C4226FA25B00C49C26 /* Build configuration list for PBXNativeTarget "PinningSSLCertificate" */ = {
			isa = XCConfigurationList;
			buildConfigurations = (
				6CD439C5226FA25B00C49C26 /* Debug */,
				6CD439C6226FA25B00C49C26 /* Release */,
			);
			defaultConfigurationIsVisible = 0;
			defaultConfigurationName = Release;
		};
/* End XCConfigurationList section */
	};
	rootObject = 6CD439AA226FA25A00C49C26 /* Project object */;
}
